
Microsoft Visual Studio Solution File, Format Version 12.00
# Visual Studio Version 16
VisualStudioVersion = 16.0.32602.291
MinimumVisualStudioVersion = 10.0.40219.1
Project("{FAE04EC0-301F-11D3-BF4B-00C04F79EFBC}") = "CSharpByAniketSir", "CSharpByAniketSir\CSharpByAniketSir.csproj", "{23424B11-57E9-4D0E-BD28-7A8D48CD5E7B}"
EndProject
Global
	GlobalSection(SolutionConfigurationPlatforms) = preSolution
		Debug|Any CPU = Debug|Any CPU
		Release|Any CPU = Release|Any CPU
	EndGlobalSection
	GlobalSection(ProjectConfigurationPlatforms) = postSolution
		{23424B11-57E9-4D0E-BD28-7A8D48CD5E7B}.Debug|Any CPU.ActiveCfg = Debug|Any CPU
		{23424B11-57E9-4D0E-BD28-7A8D48CD5E7B}.Debug|Any CPU.Build.0 = Debug|Any CPU
		{23424B11-57E9-4D0E-BD28-7A8D48CD5E7B}.Release|Any CPU.ActiveCfg = Release|Any CPU
		{23424B11-57E9-4D0E-BD28-7A8D48CD5E7B}.Release|Any CPU.Build.0 = Release|Any CPU
	EndGlobalSection
	GlobalSection(SolutionProperties) = preSolution
		HideSolutionNode = FALSE
	EndGlobalSection
	GlobalSection(ExtensibilityGlobals) = postSolution
		SolutionGuid = {CB97E82E-A3D1-43D2-977A-A5300FFE3241}
	EndGlobalSection
EndGlobal
